lockfileVersion: 5.3

specifiers:
  '@vitejs/plugin-vue': ^2.0.1
  '@vue/compiler-sfc': ^3.2.26
  sass: ^1.48.0
  standardized-audio-context: ^25.3.19
  vite: ^2.7.12
  vue: ^3.2.26

dependencies:
  standardized-audio-context: 25.3.19
  vue: 3.2.26

devDependencies:
  '@vitejs/plugin-vue': 2.0.1_vite@2.7.12+vue@3.2.26
  '@vue/compiler-sfc': 3.2.26
  sass: 1.48.0
  vite: 2.7.12_sass@1.48.0

packages:

  /@babel/parser/7.16.8:
    resolution: {integrity: sha512-i7jDUfrVBWc+7OKcBzEe5n7fbv3i2fWtxKzzCvOjnzSxMfWMigAhtfJ7qzZNGFNMsCCd67+uz553dYKWXPvCKw==}
    engines: {node: '>=6.0.0'}
    hasBin: true

  /@babel/runtime/7.16.7:
    resolution: {integrity: sha512-9E9FJowqAsytyOY6LG+1KuueckRL+aQW+mKvXRXnuFGyRAyepJPmEo9vgMfXUA6O9u3IeEdv9MAkppFcaQwogQ==}
    engines: {node: '>=6.9.0'}
    dependencies:
      regenerator-runtime: 0.13.9
    dev: false

  /@vitejs/plugin-vue/2.0.1_vite@2.7.12+vue@3.2.26:
    resolution: {integrity: sha512-wtdMnGVvys9K8tg+DxowU1ytTrdVveXr3LzdhaKakysgGXyrsfaeds2cDywtvujEASjWOwWL/OgWM+qoeM8Plg==}
    engines: {node: '>=12.0.0'}
    peerDependencies:
      vite: ^2.5.10
      vue: ^3.2.25
    dependencies:
      vite: 2.7.12_sass@1.48.0
      vue: 3.2.26
    dev: true

  /@vue/compiler-core/3.2.26:
    resolution: {integrity: sha512-N5XNBobZbaASdzY9Lga2D9Lul5vdCIOXvUMd6ThcN8zgqQhPKfCV+wfAJNNJKQkSHudnYRO2gEB+lp0iN3g2Tw==}
    dependencies:
      '@babel/parser': 7.16.8
      '@vue/shared': 3.2.26
      estree-walker: 2.0.2
      source-map: 0.6.1

  /@vue/compiler-dom/3.2.26:
    resolution: {integrity: sha512-smBfaOW6mQDxcT3p9TKT6mE22vjxjJL50GFVJiI0chXYGU/xzC05QRGrW3HHVuJrmLTLx5zBhsZ2dIATERbarg==}
    dependencies:
      '@vue/compiler-core': 3.2.26
      '@vue/shared': 3.2.26

  /@vue/compiler-sfc/3.2.26:
    resolution: {integrity: sha512-ePpnfktV90UcLdsDQUh2JdiTuhV0Skv2iYXxfNMOK/F3Q+2BO0AulcVcfoksOpTJGmhhfosWfMyEaEf0UaWpIw==}
    dependencies:
      '@babel/parser': 7.16.8
      '@vue/compiler-core': 3.2.26
      '@vue/compiler-dom': 3.2.26
      '@vue/compiler-ssr': 3.2.26
      '@vue/reactivity-transform': 3.2.26
      '@vue/shared': 3.2.26
      estree-walker: 2.0.2
      magic-string: 0.25.7
      postcss: 8.4.5
      source-map: 0.6.1

  /@vue/compiler-ssr/3.2.26:
    resolution: {integrity: sha512-2mywLX0ODc4Zn8qBoA2PDCsLEZfpUGZcyoFRLSOjyGGK6wDy2/5kyDOWtf0S0UvtoyVq95OTSGIALjZ4k2q/ag==}
    dependencies:
      '@vue/compiler-dom': 3.2.26
      '@vue/shared': 3.2.26

  /@vue/reactivity-transform/3.2.26:
    resolution: {integrity: sha512-XKMyuCmzNA7nvFlYhdKwD78rcnmPb7q46uoR00zkX6yZrUmcCQ5OikiwUEVbvNhL5hBJuvbSO95jB5zkUon+eQ==}
    dependencies:
      '@babel/parser': 7.16.8
      '@vue/compiler-core': 3.2.26
      '@vue/shared': 3.2.26
      estree-walker: 2.0.2
      magic-string: 0.25.7

  /@vue/reactivity/3.2.26:
    resolution: {integrity: sha512-h38bxCZLW6oFJVDlCcAiUKFnXI8xP8d+eO0pcDxx+7dQfSPje2AO6M9S9QO6MrxQB7fGP0DH0dYQ8ksf6hrXKQ==}
    dependencies:
      '@vue/shared': 3.2.26
    dev: false

  /@vue/runtime-core/3.2.26:
    resolution: {integrity: sha512-BcYi7qZ9Nn+CJDJrHQ6Zsmxei2hDW0L6AB4vPvUQGBm2fZyC0GXd/4nVbyA2ubmuhctD5RbYY8L+5GUJszv9mQ==}
    dependencies:
      '@vue/reactivity': 3.2.26
      '@vue/shared': 3.2.26
    dev: false

  /@vue/runtime-dom/3.2.26:
    resolution: {integrity: sha512-dY56UIiZI+gjc4e8JQBwAifljyexfVCkIAu/WX8snh8vSOt/gMSEGwPRcl2UpYpBYeyExV8WCbgvwWRNt9cHhQ==}
    dependencies:
      '@vue/runtime-core': 3.2.26
      '@vue/shared': 3.2.26
      csstype: 2.6.19
    dev: false

  /@vue/server-renderer/3.2.26_vue@3.2.26:
    resolution: {integrity: sha512-Jp5SggDUvvUYSBIvYEhy76t4nr1vapY/FIFloWmQzn7UxqaHrrBpbxrqPcTrSgGrcaglj0VBp22BKJNre4aA1w==}
    peerDependencies:
      vue: 3.2.26
    dependencies:
      '@vue/compiler-ssr': 3.2.26
      '@vue/shared': 3.2.26
      vue: 3.2.26
    dev: false

  /@vue/shared/3.2.26:
    resolution: {integrity: sha512-vPV6Cq+NIWbH5pZu+V+2QHE9y1qfuTq49uNWw4f7FDEeZaDU2H2cx5jcUZOAKW7qTrUS4k6qZPbMy1x4N96nbA==}

  /anymatch/3.1.2:
    resolution: {integrity: sha512-P43ePfOAIupkguHUycrc4qJ9kz8ZiuOUijaETwX7THt0Y/GNK7v0aa8rY816xWjZ7rJdA5XdMcpVFTKMq+RvWg==}
    engines: {node: '>= 8'}
    dependencies:
      normalize-path: 3.0.0
      picomatch: 2.3.1
    dev: true

  /automation-events/4.0.12:
    resolution: {integrity: sha512-7tu7q/rw3vFuAwjBoarCGql3V0HkC5QAbZUYhOblxxkHzdLUTjVotm0iaIRwiCSqxMeoFK64LrgaSCuSZguvGA==}
    engines: {node: '>=12.20.1'}
    dependencies:
      '@babel/runtime': 7.16.7
      tslib: 2.3.1
    dev: false

  /binary-extensions/2.2.0:
    resolution: {integrity: sha512-jDctJ/IVQbZoJykoeHbhXpOlNBqGNcwXJKJog42E5HDPUwQTSdjCHdihjj0DlnheQ7blbT6dHOafNAiS8ooQKA==}
    engines: {node: '>=8'}
    dev: true

  /braces/3.0.2:
    resolution: {integrity: sha512-b8um+L1RzM3WDSzvhm6gIz1yfTbBt6YTlcEKAvsmqCZZFw46z626lVj9j1yEPW33H5H+lBQpZMP1k8l+78Ha0A==}
    engines: {node: '>=8'}
    dependencies:
      fill-range: 7.0.1
    dev: true

  /chokidar/3.5.2:
    resolution: {integrity: sha512-ekGhOnNVPgT77r4K/U3GDhu+FQ2S8TnK/s2KbIGXi0SZWuwkZ2QNyfWdZW+TVfn84DpEP7rLeCt2UI6bJ8GwbQ==}
    engines: {node: '>= 8.10.0'}
    dependencies:
      anymatch: 3.1.2
      braces: 3.0.2
      glob-parent: 5.1.2
      is-binary-path: 2.1.0
      is-glob: 4.0.3
      normalize-path: 3.0.0
      readdirp: 3.6.0
    optionalDependencies:
      fsevents: 2.3.2
    dev: true

  /csstype/2.6.19:
    resolution: {integrity: sha512-ZVxXaNy28/k3kJg0Fou5MiYpp88j7H9hLZp8PDC3jV0WFjfH5E9xHb56L0W59cPbKbcHXeP4qyT8PrHp8t6LcQ==}
    dev: false

  /esbuild/0.13.15:
    resolution: {integrity: sha512-raCxt02HBKv8RJxE8vkTSCXGIyKHdEdGfUmiYb8wnabnaEmHzyW7DCHb5tEN0xU8ryqg5xw54mcwnYkC4x3AIw==}
    hasBin: true
    requiresBuild: true
    optionalDependencies:
      esbuild-android-arm64: mirrors.tencent.com/esbuild-android-arm64/0.13.15
      esbuild-darwin-64: mirrors.tencent.com/esbuild-darwin-64/0.13.15
      esbuild-darwin-arm64: mirrors.tencent.com/esbuild-darwin-arm64/0.13.15
      esbuild-freebsd-64: mirrors.tencent.com/esbuild-freebsd-64/0.13.15
      esbuild-freebsd-arm64: mirrors.tencent.com/esbuild-freebsd-arm64/0.13.15
      esbuild-linux-32: mirrors.tencent.com/esbuild-linux-32/0.13.15
      esbuild-linux-64: mirrors.tencent.com/esbuild-linux-64/0.13.15
      esbuild-linux-arm: mirrors.tencent.com/esbuild-linux-arm/0.13.15
      esbuild-linux-arm64: mirrors.tencent.com/esbuild-linux-arm64/0.13.15
      esbuild-linux-mips64le: mirrors.tencent.com/esbuild-linux-mips64le/0.13.15
      esbuild-linux-ppc64le: mirrors.tencent.com/esbuild-linux-ppc64le/0.13.15
      esbuild-netbsd-64: mirrors.tencent.com/esbuild-netbsd-64/0.13.15
      esbuild-openbsd-64: mirrors.tencent.com/esbuild-openbsd-64/0.13.15
      esbuild-sunos-64: mirrors.tencent.com/esbuild-sunos-64/0.13.15
      esbuild-windows-32: mirrors.tencent.com/esbuild-windows-32/0.13.15
      esbuild-windows-64: mirrors.tencent.com/esbuild-windows-64/0.13.15
      esbuild-windows-arm64: mirrors.tencent.com/esbuild-windows-arm64/0.13.15
    dev: true

  /estree-walker/2.0.2:
    resolution: {integrity: sha512-Rfkk/Mp/DL7JVje3u18FxFujQlTNR2q6QfMSMB7AvCBx91NGj/ba3kCfza0f6dVDbw7YlRf/nDrn7pQrCCyQ/w==}

  /fill-range/7.0.1:
    resolution: {integrity: sha512-qOo9F+dMUmC2Lcb4BbVvnKJxTPjCm+RRpe4gDuGrzkL7mEVl/djYSu2OdQ2Pa302N4oqkSg9ir6jaLWJ2USVpQ==}
    engines: {node: '>=8'}
    dependencies:
      to-regex-range: 5.0.1
    dev: true

  /fsevents/2.3.2:
    resolution: {integrity: sha512-xiqMQR4xAeHTuB9uWm+fFRcIOgKBMiOBP+eXiyT7jsgVCq1bkVygt00oASowB7EdtpOHaaPgKt812P9ab+DDKA==}
    engines: {node: ^8.16.0 || ^10.6.0 || >=11.0.0}
    os: [darwin]
    requiresBuild: true
    dev: true
    optional: true

  /function-bind/1.1.1:
    resolution: {integrity: sha512-yIovAzMX49sF8Yl58fSCWJ5svSLuaibPxXQJFLmBObTuCr0Mf1KiPopGM9NiFjiYBCbfaa2Fh6breQ6ANVTI0A==}
    dev: true

  /glob-parent/5.1.2:
    resolution: {integrity: sha512-AOIgSQCepiJYwP3ARnGx+5VnTu2HBYdzbGP45eLw1vr3zB3vZLeyed1sC9hnbcOc9/SrMyM5RPQrkGz4aS9Zow==}
    engines: {node: '>= 6'}
    dependencies:
      is-glob: 4.0.3
    dev: true

  /has/1.0.3:
    resolution: {integrity: sha512-f2dvO0VU6Oej7RkWJGrehjbzMAjFp5/VKPp5tTpWIV4JHHZK1/BxbFRtf/siA2SWTe09caDmVtYYzWEIbBS4zw==}
    engines: {node: '>= 0.4.0'}
    dependencies:
      function-bind: 1.1.1
    dev: true

  /immutable/4.0.0:
    resolution: {integrity: sha512-zIE9hX70qew5qTUjSS7wi1iwj/l7+m54KWU247nhM3v806UdGj1yDndXj+IOYxxtW9zyLI+xqFNZjTuDaLUqFw==}
    dev: true

  /is-binary-path/2.1.0:
    resolution: {integrity: sha512-ZMERYes6pDydyuGidse7OsHxtbI7WVeUEozgR/g7rd0xUimYNlvZRE/K2MgZTjWy725IfelLeVcEM97mmtRGXw==}
    engines: {node: '>=8'}
    dependencies:
      binary-extensions: 2.2.0
    dev: true

  /is-core-module/2.8.1:
    resolution: {integrity: sha512-SdNCUs284hr40hFTFP6l0IfZ/RSrMXF3qgoRHd3/79unUTvrFO/JoXwkGm+5J/Oe3E/b5GsnG330uUNgRpu1PA==}
    dependencies:
      has: 1.0.3
    dev: true

  /is-extglob/2.1.1:
    resolution: {integrity: sha1-qIwCU1eR8C7TfHahueqXc8gz+MI=}
    engines: {node: '>=0.10.0'}
    dev: true

  /is-glob/4.0.3:
    resolution: {integrity: sha512-xelSayHH36ZgE7ZWhli7pW34hNbNl8Ojv5KVmkJD4hBdD3th8Tfk9vYasLM+mXWOZhFkgZfxhLSnrwRr4elSSg==}
    engines: {node: '>=0.10.0'}
    dependencies:
      is-extglob: 2.1.1
    dev: true

  /is-number/7.0.0:
    resolution: {integrity: sha512-41Cifkg6e8TylSpdtTpeLVMqvSBEVzTttHvERD741+pnZ8ANv0004MRL43QKPDlK9cGvNp6NZWZUBlbGXYxxng==}
    engines: {node: '>=0.12.0'}
    dev: true

  /magic-string/0.25.7:
    resolution: {integrity: sha512-4CrMT5DOHTDk4HYDlzmwu4FVCcIYI8gauveasrdCu2IKIFOJ3f0v/8MDGJCDL9oD2ppz/Av1b0Nj345H9M+XIA==}
    dependencies:
      sourcemap-codec: 1.4.8

  /nanoid/3.1.32:
    resolution: {integrity: sha512-F8mf7R3iT9bvThBoW4tGXhXFHCctyCiUUPrWF8WaTqa3h96d9QybkSeba43XVOOE3oiLfkVDe4bT8MeGmkrTxw==}
    engines: {node: ^10 || ^12 || ^13.7 || ^14 || >=15.0.1}
    hasBin: true

  /normalize-path/3.0.0:
    resolution: {integrity: sha512-6eZs5Ls3WtCisHWp9S2GUy8dqkpGi4BVSz3GaqiE6ezub0512ESztXUwUB6C6IKbQkY2Pnb/mD4WYojCRwcwLA==}
    engines: {node: '>=0.10.0'}
    dev: true

  /path-parse/1.0.7:
    resolution: {integrity: sha512-LDJzPVEEEPR+y48z93A0Ed0yXb8pAByGWo/k5YYdYgpY2/2EsOsksJrq7lOHxryrVOn1ejG6oAp8ahvOIQD8sw==}
    dev: true

  /picocolors/1.0.0:
    resolution: {integrity: sha512-1fygroTLlHu66zi26VoTDv8yRgm0Fccecssto+MhsZ0D/DGW2sm8E8AjW7NU5VVTRt5GxbeZ5qBuJr+HyLYkjQ==}

  /picomatch/2.3.1:
    resolution: {integrity: sha512-JU3teHTNjmE2VCGFzuY8EXzCDVwEqB2a8fsIvwaStHhAWJEeVd1o1QD80CU6+ZdEXXSLbSsuLwJjkCBWqRQUVA==}
    engines: {node: '>=8.6'}
    dev: true

  /postcss/8.4.5:
    resolution: {integrity: sha512-jBDboWM8qpaqwkMwItqTQTiFikhs/67OYVvblFFTM7MrZjt6yMKd6r2kgXizEbTTljacm4NldIlZnhbjr84QYg==}
    engines: {node: ^10 || ^12 || >=14}
    dependencies:
      nanoid: 3.1.32
      picocolors: 1.0.0
      source-map-js: 1.0.1

  /readdirp/3.6.0:
    resolution: {integrity: sha512-hOS089on8RduqdbhvQ5Z37A0ESjsqz6qnRcffsMU3495FuTdqSm+7bhJ29JvIOsBDEEnan5DPu9t3To9VRlMzA==}
    engines: {node: '>=8.10.0'}
    dependencies:
      picomatch: 2.3.1
    dev: true

  /regenerator-runtime/0.13.9:
    resolution: {integrity: sha512-p3VT+cOEgxFsRRA9X4lkI1E+k2/CtnKtU4gcxyaCUreilL/vqI6CdZ3wxVUx3UOUg+gnUOQQcRI7BmSI656MYA==}
    dev: false

  /resolve/1.21.0:
    resolution: {integrity: sha512-3wCbTpk5WJlyE4mSOtDLhqQmGFi0/TD9VPwmiolnk8U0wRgMEktqCXd3vy5buTO3tljvalNvKrjHEfrd2WpEKA==}
    hasBin: true
    dependencies:
      is-core-module: 2.8.1
      path-parse: 1.0.7
      supports-preserve-symlinks-flag: 1.0.0
    dev: true

  /rollup/2.64.0:
    resolution: {integrity: sha512-+c+lbw1lexBKSMb1yxGDVfJ+vchJH3qLbmavR+awDinTDA2C5Ug9u7lkOzj62SCu0PKUExsW36tpgW7Fmpn3yQ==}
    engines: {node: '>=10.0.0'}
    hasBin: true
    optionalDependencies:
      fsevents: 2.3.2
    dev: true

  /sass/1.48.0:
    resolution: {integrity: sha512-hQi5g4DcfjcipotoHZ80l7GNJHGqQS5LwMBjVYB/TaT0vcSSpbgM8Ad7cgfsB2M0MinbkEQQPO9+sjjSiwxqmw==}
    engines: {node: '>=8.9.0'}
    hasBin: true
    dependencies:
      chokidar: 3.5.2
      immutable: 4.0.0
      source-map-js: 1.0.1
    dev: true

  /source-map-js/1.0.1:
    resolution: {integrity: sha512-4+TN2b3tqOCd/kaGRJ/sTYA0tR0mdXx26ipdolxcwtJVqEnqNYvlCAt1q3ypy4QMlYus+Zh34RNtYLoq2oQ4IA==}
    engines: {node: '>=0.10.0'}

  /source-map/0.6.1:
    resolution: {integrity: sha512-UjgapumWlbMhkBgzT7Ykc5YXUT46F0iKu8SGXq0bcwP5dz/h0Plj6enJqjz1Zbq2l5WaqYnrVbwWOWMyF3F47g==}
    engines: {node: '>=0.10.0'}

  /sourcemap-codec/1.4.8:
    resolution: {integrity: sha512-9NykojV5Uih4lgo5So5dtw+f0JgJX30KCNI8gwhz2J9A15wD0Ml6tjHKwf6fTSa6fAdVBdZeNOs9eJ71qCk8vA==}

  /standardized-audio-context/25.3.19:
    resolution: {integrity: sha512-GOXncphk6PLnT+79lyvVen2hn68zEX5K++qvRQXdZXobYjPriW0sShgFxqg3AMVysZifc/5S+8IM/9mNf0x+sA==}
    dependencies:
      '@babel/runtime': 7.16.7
      automation-events: 4.0.12
      tslib: 2.3.1
    dev: false

  /supports-preserve-symlinks-flag/1.0.0:
    resolution: {integrity: sha512-ot0WnXS9fgdkgIcePe6RHNk1WA8+muPa6cSjeR3V8K27q9BB1rTE3R1p7Hv0z1ZyAc8s6Vvv8DIyWf681MAt0w==}
    engines: {node: '>= 0.4'}
    dev: true

  /to-regex-range/5.0.1:
    resolution: {integrity: sha512-65P7iz6X5yEr1cwcgvQxbbIw7Uk3gOy5dIdtZ4rDveLqhrdJP+Li/Hx6tyK0NEb+2GCyneCMJiGqrADCSNk8sQ==}
    engines: {node: '>=8.0'}
    dependencies:
      is-number: 7.0.0
    dev: true

  /tslib/2.3.1:
    resolution: {integrity: sha512-77EbyPPpMz+FRFRuAFlWMtmgUWGe9UOG2Z25NqCwiIjRhOf5iKGuzSe5P2w1laq+FkRy4p+PCuVkJSGkzTEKVw==}
    dev: false

  /vite/2.7.12_sass@1.48.0:
    resolution: {integrity: sha512-KvPYToRQWhRfBeVkyhkZ5hASuHQkqZUUdUcE3xyYtq5oYEPIJ0h9LWiWTO6v990glmSac2cEPeYeXzpX5Z6qKQ==}
    engines: {node: '>=12.2.0'}
    hasBin: true
    peerDependencies:
      less: '*'
      sass: '*'
      stylus: '*'
    peerDependenciesMeta:
      less:
        optional: true
      sass:
        optional: true
      stylus:
        optional: true
    dependencies:
      esbuild: 0.13.15
      postcss: 8.4.5
      resolve: 1.21.0
      rollup: 2.64.0
      sass: 1.48.0
    optionalDependencies:
      fsevents: 2.3.2
    dev: true

  /vue/3.2.26:
    resolution: {integrity: sha512-KD4lULmskL5cCsEkfhERVRIOEDrfEL9CwAsLYpzptOGjaGFNWo3BQ9g8MAb7RaIO71rmVOziZ/uEN/rHwcUIhg==}
    dependencies:
      '@vue/compiler-dom': 3.2.26
      '@vue/compiler-sfc': 3.2.26
      '@vue/runtime-dom': 3.2.26
      '@vue/server-renderer': 3.2.26_vue@3.2.26
      '@vue/shared': 3.2.26
    dev: false

  mirrors.tencent.com/esbuild-android-arm64/0.13.15:
    resolution: {integrity: sha512-m602nft/XXeO8YQPUDVoHfjyRVPdPgjyyXOxZ44MK/agewFFkPa8tUo6lAzSWh5Ui5PB4KR9UIFTSBKh/RrCmg==, registry: http://mirrors.cloud.tencent.com/npm/, tarball: https://mirrors.tencent.com/npm/esbuild-android-arm64/-/esbuild-android-arm64-0.13.15.tgz}
    name: esbuild-android-arm64
    version: 0.13.15
    cpu: [arm64]
    os: [android]
    requiresBuild: true
    dev: true
    optional: true

  mirrors.tencent.com/esbuild-darwin-64/0.13.15:
    resolution: {integrity: sha512-ihOQRGs2yyp7t5bArCwnvn2Atr6X4axqPpEdCFPVp7iUj4cVSdisgvEKdNR7yH3JDjW6aQDw40iQFoTqejqxvQ==, registry: http://mirrors.cloud.tencent.com/npm/, tarball: https://mirrors.tencent.com/npm/esbuild-darwin-64/-/esbuild-darwin-64-0.13.15.tgz}
    name: esbuild-darwin-64
    version: 0.13.15
    cpu: [x64]
    os: [darwin]
    requiresBuild: true
    dev: true
    optional: true

  mirrors.tencent.com/esbuild-darwin-arm64/0.13.15:
    resolution: {integrity: sha512-i1FZssTVxUqNlJ6cBTj5YQj4imWy3m49RZRnHhLpefFIh0To05ow9DTrXROTE1urGTQCloFUXTX8QfGJy1P8dQ==, registry: http://mirrors.cloud.tencent.com/npm/, tarball: https://mirrors.tencent.com/npm/esbuild-darwin-arm64/-/esbuild-darwin-arm64-0.13.15.tgz}
    name: esbuild-darwin-arm64
    version: 0.13.15
    cpu: [arm64]
    os: [darwin]
    requiresBuild: true
    dev: true
    optional: true

  mirrors.tencent.com/esbuild-freebsd-64/0.13.15:
    resolution: {integrity: sha512-G3dLBXUI6lC6Z09/x+WtXBXbOYQZ0E8TDBqvn7aMaOCzryJs8LyVXKY4CPnHFXZAbSwkCbqiPuSQ1+HhrNk7EA==, registry: http://mirrors.cloud.tencent.com/npm/, tarball: https://mirrors.tencent.com/npm/esbuild-freebsd-64/-/esbuild-freebsd-64-0.13.15.tgz}
    name: esbuild-freebsd-64
    version: 0.13.15
    cpu: [x64]
    os: [freebsd]
    requiresBuild: true
    dev: true
    optional: true

  mirrors.tencent.com/esbuild-freebsd-arm64/0.13.15:
    resolution: {integrity: sha512-KJx0fzEDf1uhNOZQStV4ujg30WlnwqUASaGSFPhznLM/bbheu9HhqZ6mJJZM32lkyfGJikw0jg7v3S0oAvtvQQ==, registry: http://mirrors.cloud.tencent.com/npm/, tarball: https://mirrors.tencent.com/npm/esbuild-freebsd-arm64/-/esbuild-freebsd-arm64-0.13.15.tgz}
    name: esbuild-freebsd-arm64
    version: 0.13.15
    cpu: [arm64]
    os: [freebsd]
    requiresBuild: true
    dev: true
    optional: true

  mirrors.tencent.com/esbuild-linux-32/0.13.15:
    resolution: {integrity: sha512-ZvTBPk0YWCLMCXiFmD5EUtB30zIPvC5Itxz0mdTu/xZBbbHJftQgLWY49wEPSn2T/TxahYCRDWun5smRa0Tu+g==, registry: http://mirrors.cloud.tencent.com/npm/, tarball: https://mirrors.tencent.com/npm/esbuild-linux-32/-/esbuild-linux-32-0.13.15.tgz}
    name: esbuild-linux-32
    version: 0.13.15
    cpu: [ia32]
    os: [linux]
    requiresBuild: true
    dev: true
    optional: true

  mirrors.tencent.com/esbuild-linux-64/0.13.15:
    resolution: {integrity: sha512-eCKzkNSLywNeQTRBxJRQ0jxRCl2YWdMB3+PkWFo2BBQYC5mISLIVIjThNtn6HUNqua1pnvgP5xX0nHbZbPj5oA==, registry: http://mirrors.cloud.tencent.com/npm/, tarball: https://mirrors.tencent.com/npm/esbuild-linux-64/-/esbuild-linux-64-0.13.15.tgz}
    name: esbuild-linux-64
    version: 0.13.15
    cpu: [x64]
    os: [linux]
    requiresBuild: true
    dev: true
    optional: true

  mirrors.tencent.com/esbuild-linux-arm/0.13.15:
    resolution: {integrity: sha512-wUHttDi/ol0tD8ZgUMDH8Ef7IbDX+/UsWJOXaAyTdkT7Yy9ZBqPg8bgB/Dn3CZ9SBpNieozrPRHm0BGww7W/jA==, registry: http://mirrors.cloud.tencent.com/npm/, tarball: https://mirrors.tencent.com/npm/esbuild-linux-arm/-/esbuild-linux-arm-0.13.15.tgz}
    name: esbuild-linux-arm
    version: 0.13.15
    cpu: [arm]
    os: [linux]
    requiresBuild: true
    dev: true
    optional: true

  mirrors.tencent.com/esbuild-linux-arm64/0.13.15:
    resolution: {integrity: sha512-bYpuUlN6qYU9slzr/ltyLTR9YTBS7qUDymO8SV7kjeNext61OdmqFAzuVZom+OLW1HPHseBfJ/JfdSlx8oTUoA==, registry: http://mirrors.cloud.tencent.com/npm/, tarball: https://mirrors.tencent.com/npm/esbuild-linux-arm64/-/esbuild-linux-arm64-0.13.15.tgz}
    name: esbuild-linux-arm64
    version: 0.13.15
    cpu: [arm64]
    os: [linux]
    requiresBuild: true
    dev: true
    optional: true

  mirrors.tencent.com/esbuild-linux-mips64le/0.13.15:
    resolution: {integrity: sha512-KlVjIG828uFPyJkO/8gKwy9RbXhCEUeFsCGOJBepUlpa7G8/SeZgncUEz/tOOUJTcWMTmFMtdd3GElGyAtbSWg==, registry: http://mirrors.cloud.tencent.com/npm/, tarball: https://mirrors.tencent.com/npm/esbuild-linux-mips64le/-/esbuild-linux-mips64le-0.13.15.tgz}
    name: esbuild-linux-mips64le
    version: 0.13.15
    cpu: [mips64el]
    os: [linux]
    requiresBuild: true
    dev: true
    optional: true

  mirrors.tencent.com/esbuild-linux-ppc64le/0.13.15:
    resolution: {integrity: sha512-h6gYF+OsaqEuBjeesTBtUPw0bmiDu7eAeuc2OEH9S6mV9/jPhPdhOWzdeshb0BskRZxPhxPOjqZ+/OqLcxQwEQ==, registry: http://mirrors.cloud.tencent.com/npm/, tarball: https://mirrors.tencent.com/npm/esbuild-linux-ppc64le/-/esbuild-linux-ppc64le-0.13.15.tgz}
    name: esbuild-linux-ppc64le
    version: 0.13.15
    cpu: [ppc64]
    os: [linux]
    requiresBuild: true
    dev: true
    optional: true

  mirrors.tencent.com/esbuild-netbsd-64/0.13.15:
    resolution: {integrity: sha512-3+yE9emwoevLMyvu+iR3rsa+Xwhie7ZEHMGDQ6dkqP/ndFzRHkobHUKTe+NCApSqG5ce2z4rFu+NX/UHnxlh3w==, registry: http://mirrors.cloud.tencent.com/npm/, tarball: https://mirrors.tencent.com/npm/esbuild-netbsd-64/-/esbuild-netbsd-64-0.13.15.tgz}
    name: esbuild-netbsd-64
    version: 0.13.15
    cpu: [x64]
    os: [netbsd]
    requiresBuild: true
    dev: true
    optional: true

  mirrors.tencent.com/esbuild-openbsd-64/0.13.15:
    resolution: {integrity: sha512-wTfvtwYJYAFL1fSs8yHIdf5GEE4NkbtbXtjLWjM3Cw8mmQKqsg8kTiqJ9NJQe5NX/5Qlo7Xd9r1yKMMkHllp5g==, registry: http://mirrors.cloud.tencent.com/npm/, tarball: https://mirrors.tencent.com/npm/esbuild-openbsd-64/-/esbuild-openbsd-64-0.13.15.tgz}
    name: esbuild-openbsd-64
    version: 0.13.15
    cpu: [x64]
    os: [openbsd]
    requiresBuild: true
    dev: true
    optional: true

  mirrors.tencent.com/esbuild-sunos-64/0.13.15:
    resolution: {integrity: sha512-lbivT9Bx3t1iWWrSnGyBP9ODriEvWDRiweAs69vI+miJoeKwHWOComSRukttbuzjZ8r1q0mQJ8Z7yUsDJ3hKdw==, registry: http://mirrors.cloud.tencent.com/npm/, tarball: https://mirrors.tencent.com/npm/esbuild-sunos-64/-/esbuild-sunos-64-0.13.15.tgz}
    name: esbuild-sunos-64
    version: 0.13.15
    cpu: [x64]
    os: [sunos]
    requiresBuild: true
    dev: true
    optional: true

  mirrors.tencent.com/esbuild-windows-32/0.13.15:
    resolution: {integrity: sha512-fDMEf2g3SsJ599MBr50cY5ve5lP1wyVwTe6aLJsM01KtxyKkB4UT+fc5MXQFn3RLrAIAZOG+tHC+yXObpSn7Nw==, registry: http://mirrors.cloud.tencent.com/npm/, tarball: https://mirrors.tencent.com/npm/esbuild-windows-32/-/esbuild-windows-32-0.13.15.tgz}
    name: esbuild-windows-32
    version: 0.13.15
    cpu: [ia32]
    os: [win32]
    requiresBuild: true
    dev: true
    optional: true

  mirrors.tencent.com/esbuild-windows-64/0.13.15:
    resolution: {integrity: sha512-9aMsPRGDWCd3bGjUIKG/ZOJPKsiztlxl/Q3C1XDswO6eNX/Jtwu4M+jb6YDH9hRSUflQWX0XKAfWzgy5Wk54JQ==, registry: http://mirrors.cloud.tencent.com/npm/, tarball: https://mirrors.tencent.com/npm/esbuild-windows-64/-/esbuild-windows-64-0.13.15.tgz}
    name: esbuild-windows-64
    version: 0.13.15
    cpu: [x64]
    os: [win32]
    requiresBuild: true
    dev: true
    optional: true

  mirrors.tencent.com/esbuild-windows-arm64/0.13.15:
    resolution: {integrity: sha512-zzvyCVVpbwQQATaf3IG8mu1IwGEiDxKkYUdA4FpoCHi1KtPa13jeScYDjlW0Qh+ebWzpKfR2ZwvqAQkSWNcKjA==, registry: http://mirrors.cloud.tencent.com/npm/, tarball: https://mirrors.tencent.com/npm/esbuild-windows-arm64/-/esbuild-windows-arm64-0.13.15.tgz}
    name: esbuild-windows-arm64
    version: 0.13.15
    cpu: [arm64]
    os: [win32]
    requiresBuild: true
    dev: true
    optional: true
